// !$*UTF8*$!
{
	archiveVersion = 1;
	classes = {
	};
	objectVersion = 46;
	objects = {

/* Begin PBXBuildFile section */
		9B4BFCAC1DE1A18000135F92 /* main.m in Sources */ = {isa = PBXBuildFile; fileRef = 9B4BFCAB1DE1A18000135F92 /* main.m */; };
		9B4BFCAF1DE1A18000135F92 /* AppDelegate.m in Sources */ = {isa = PBXBuildFile; fileRef = 9B4BFCAE1DE1A18000135F92 /* AppDelegate.m */; };
		9B4BFCB71DE1A18000135F92 /* Images.xcassets in Resources */ = {isa = PBXBuildFile; fileRef = 9B4BFCB61DE1A18000135F92 /* Images.xcassets */; };
		9B4BFCBA1DE1A18000135F92 /* LaunchScreen.xib in Resources */ = {isa = PBXBuildFile; fileRef = 9B4BFCB81DE1A18000135F92 /* LaunchScreen.xib */; };
		9B4BFCC61DE1A18000135F92 /* Pactera_test_MTTests.m in Sources */ = {isa = PBXBuildFile; fileRef = 9B4BFCC51DE1A18000135F92 /* Pactera_test_MTTests.m */; };
		9B4BFCD11DE1B0C900135F92 /* NewsViewController.m in Sources */ = {isa = PBXBuildFile; fileRef = 9B4BFCD01DE1B0C900135F92 /* NewsViewController.m */; };
		9B4BFCD31DE1CE8B00135F92 /* LoadingImg@2x.png in Resources */ = {isa = PBXBuildFile; fileRef = 9B4BFCD21DE1CE8B00135F92 /* LoadingImg@2x.png */; };
/* End PBXBuildFile section */

/* Begin PBXContainerItemProxy section */
		9B4BFCC01DE1A18000135F92 /* PBXContainerItemProxy */ = {
			isa = PBXContainerItemProxy;
			containerPortal = 9B4BFC9E1DE1A18000135F92 /* Project object */;
			proxyType = 1;
			remoteGlobalIDString = 9B4BFCA51DE1A18000135F92;
			remoteInfo = Pactera_test_MT;
		};
/* End PBXContainerItemProxy section */

/* Begin PBXFileReference section */
		9B4BFCA61DE1A18000135F92 /* Pactera_test_MT.app */ = {isa = PBXFileReference; explicitFileType = wrapper.application; includeInIndex = 0; path = Pactera_test_MT.app; sourceTree = BUILT_PRODUCTS_DIR; };
		9B4BFCAA1DE1A18000135F92 /* Info.plist */ = {isa = PBXFileReference; lastKnownFileType = text.plist.xml; path = Info.plist; sourceTree = "<group>"; };
		9B4BFCAB1DE1A18000135F92 /* main.m */ = {isa = PBXFileReference; lastKnownFileType = sourcecode.c.objc; path = main.m; sourceTree = "<group>"; };
		9B4BFCAD1DE1A18000135F92 /* AppDelegate.h */ = {isa = PBXFileReference; lastKnownFileType = sourcecode.c.h; path = AppDelegate.h; sourceTree = "<group>"; };
		9B4BFCAE1DE1A18000135F92 /* AppDelegate.m */ = {isa = PBXFileReference; lastKnownFileType = sourcecode.c.objc; path = AppDelegate.m; sourceTree = "<group>"; };
		9B4BFCB61DE1A18000135F92 /* Images.xcassets */ = {isa = PBXFileReference; lastKnownFileType = folder.assetcatalog; path = Images.xcassets; sourceTree = "<group>"; };
		9B4BFCB91DE1A18000135F92 /* Base */ = {isa = PBXFileReference; lastKnownFileType = file.xib; name = Base; path = Base.lproj/LaunchScreen.xib; sourceTree = "<group>"; };
		9B4BFCBF1DE1A18000135F92 /* Pactera_test_MTTests.xctest */ = {isa = PBXFileReference; explicitFileType = wrapper.cfbundle; includeInIndex = 0; path = Pactera_test_MTTests.xctest; sourceTree = BUILT_PRODUCTS_DIR; };
		9B4BFCC41DE1A18000135F92 /* Info.plist */ = {isa = PBXFileReference; lastKnownFileType = text.plist.xml; path = Info.plist; sourceTree = "<group>"; };
		9B4BFCC51DE1A18000135F92 /* Pactera_test_MTTests.m */ = {isa = PBXFileReference; lastKnownFileType = sourcecode.c.objc; path = Pactera_test_MTTests.m; sourceTree = "<group>"; };
		9B4BFCCF1DE1B0C900135F92 /* NewsViewController.h */ = {isa = PBXFileReference; fileEncoding = 4; lastKnownFileType = sourcecode.c.h; path = NewsViewController.h; sourceTree = "<group>"; };
		9B4BFCD01DE1B0C900135F92 /* NewsViewController.m */ = {isa = PBXFileReference; fileEncoding = 4; lastKnownFileType = sourcecode.c.objc; path = NewsViewController.m; sourceTree = "<group>"; };
		9B4BFCD21DE1CE8B00135F92 /* LoadingImg@2x.png */ = {isa = PBXFileReference; lastKnownFileType = image.png; path = "LoadingImg@2x.png"; sourceTree = "<group>"; };
/* End PBXFileReference section */

/* Begin PBXFrameworksBuildPhase section */
		9B4BFCA31DE1A18000135F92 /* Frameworks */ = {
			isa = PBXFrameworksBuildPhase;
			buildActionMask = 2147483647;
			files = (
			);
			runOnlyForDeploymentPostprocessing = 0;
		};
		9B4BFCBC1DE1A18000135F92 /* Frameworks */ = {
			isa = PBXFrameworksBuildPhase;
			buildActionMask = 2147483647;
			files = (
			);
			runOnlyForDeploymentPostprocessing = 0;
		};
/* End PBXFrameworksBuildPhase section */

/* Begin PBXGroup section */
		9B4BFC9D1DE1A18000135F92 = {
			isa = PBXGroup;
			children = (
				9B4BFCA81DE1A18000135F92 /* Pactera_test_MT */,
				9B4BFCC21DE1A18000135F92 /* Pactera_test_MTTests */,
				9B4BFCA71DE1A18000135F92 /* Products */,
			);
			sourceTree = "<group>";
		};
		9B4BFCA71DE1A18000135F92 /* Products */ = {
			isa = PBXGroup;
			children = (
				9B4BFCA61DE1A18000135F92 /* Pactera_test_MT.app */,
				9B4BFCBF1DE1A18000135F92 /* Pactera_test_MTTests.xctest */,
			);
			name = Products;
			sourceTree = "<group>";
		};
		9B4BFCA81DE1A18000135F92 /* Pactera_test_MT */ = {
			isa = PBXGroup;
			children = (
				9B4BFCAD1DE1A18000135F92 /* AppDelegate.h */,
				9B4BFCAE1DE1A18000135F92 /* AppDelegate.m */,
				9B4BFCB61DE1A18000135F92 /* Images.xcassets */,
				9B4BFCB81DE1A18000135F92 /* LaunchScreen.xib */,
				9B4BFCA91DE1A18000135F92 /* Supporting Files */,
				9B4BFCCF1DE1B0C900135F92 /* NewsViewController.h */,
				9B4BFCD01DE1B0C900135F92 /* NewsViewController.m */,
			);
			path = Pactera_test_MT;
			sourceTree = "<group>";
		};
		9B4BFCA91DE1A18000135F92 /* Supporting Files */ = {
			isa = PBXGroup;
			children = (
				9B4BFCD21DE1CE8B00135F92 /* LoadingImg@2x.png */,
				9B4BFCAA1DE1A18000135F92 /* Info.plist */,
				9B4BFCAB1DE1A18000135F92 /* main.m */,
			);
			name = "Supporting Files";
			sourceTree = "<group>";
		};
		9B4BFCC21DE1A18000135F92 /* Pactera_test_MTTests */ = {
			isa = PBXGroup;
			children = (
				9B4BFCC51DE1A18000135F92 /* Pactera_test_MTTests.m */,
				9B4BFCC31DE1A18000135F92 /* Supporting Files */,
			);
			path = Pactera_test_MTTests;
			sourceTree = "<group>";
		};
		9B4BFCC31DE1A18000135F92 /* Supporting Files */ = {
			isa = PBXGroup;
			children = (
				9B4BFCC41DE1A18000135F92 /* Info.plist */,
			);
			name = "Supporting Files";
			sourceTree = "<group>";
		};
/* End PBXGroup section */

/* Begin PBXNativeTarget section */
		9B4BFCA51DE1A18000135F92 /* Pactera_test_MT */ = {
			isa = PBXNativeTarget;
			buildConfigurationList = 9B4BFCC91DE1A18000135F92 /* Build configuration list for PBXNativeTarget "Pactera_test_MT" */;
			buildPhases = (
				9B4BFCA21DE1A18000135F92 /* Sources */,
				9B4BFCA31DE1A18000135F92 /* Frameworks */,
				9B4BFCA41DE1A18000135F92 /* Resources */,
			);
			buildRules = (
			);
			dependencies = (
			);
			name = Pactera_test_MT;
			productName = Pactera_test_MT;
			productReference = 9B4BFCA61DE1A18000135F92 /* Pactera_test_MT.app */;
			productType = "com.apple.product-type.application";
		};
		9B4BFCBE1DE1A18000135F92 /* Pactera_test_MTTests */ = {
			isa = PBXNativeTarget;
			buildConfigurationList = 9B4BFCCC1DE1A18000135F92 /* Build configuration list for PBXNativeTarget "Pactera_test_MTTests" */;
			buildPhases = (
				9B4BFCBB1DE1A18000135F92 /* Sources */,
				9B4BFCBC1DE1A18000135F92 /* Frameworks */,
				9B4BFCBD1DE1A18000135F92 /* Resources */,
			);
			buildRules = (
			);
			dependencies = (
				9B4BFCC11DE1A18000135F92 /* PBXTargetDependency */,
			);
			name = Pactera_test_MTTests;
			productName = Pactera_test_MTTests;
			productReference = 9B4BFCBF1DE1A18000135F92 /* Pactera_test_MTTests.xctest */;
			productType = "com.apple.product-type.bundle.unit-test";
		};
/* End PBXNativeTarget section */

/* Begin PBXProject section */
		9B4BFC9E1DE1A18000135F92 /* Project object */ = {
			isa = PBXProject;
			attributes = {
				LastUpgradeCheck = 0610;
				ORGANIZATIONNAME = Mitesh;
				TargetAttributes = {
					9B4BFCA51DE1A18000135F92 = {
						CreatedOnToolsVersion = 6.1.1;
					};
					9B4BFCBE1DE1A18000135F92 = {
						CreatedOnToolsVersion = 6.1.1;
						TestTargetID = 9B4BFCA51DE1A18000135F92;
					};
				};
			};
			buildConfigurationList = 9B4BFCA11DE1A18000135F92 /* Build configuration list for PBXProject "Pactera_test_MT" */;
			compatibilityVersion = "Xcode 3.2";
			developmentRegion = English;
			hasScannedForEncodings = 0;
			knownRegions = (
				en,
				Base,
			);
			mainGroup = 9B4BFC9D1DE1A18000135F92;
			productRefGroup = 9B4BFCA71DE1A18000135F92 /* Products */;
			projectDirPath = "";
			projectRoot = "";
			targets = (
				9B4BFCA51DE1A18000135F92 /* Pactera_test_MT */,
				9B4BFCBE1DE1A18000135F92 /* Pactera_test_MTTests */,
			);
		};
/* End PBXProject section */

/* Begin PBXResourcesBuildPhase section */
		9B4BFCA41DE1A18000135F92 /* Resources */ = {
			isa = PBXResourcesBuildPhase;
			buildActionMask = 2147483647;
			files = (
				9B4BFCBA1DE1A18000135F92 /* LaunchScreen.xib in Resources */,
				9B4BFCD31DE1CE8B00135F92 /* LoadingImg@2x.png in Resources */,
				9B4BFCB71DE1A18000135F92 /* Images.xcassets in Resources */,
			);
			runOnlyForDeploymentPostprocessing = 0;
		};
		9B4BFCBD1DE1A18000135F92 /* Resources */ = {
			isa = PBXResourcesBuildPhase;
			buildActionMask = 2147483647;
			files = (
			);
			runOnlyForDeploymentPostprocessing = 0;
		};
/* End PBXResourcesBuildPhase section */

/* Begin PBXSourcesBuildPhase section */
		9B4BFCA21DE1A18000135F92 /* Sources */ = {
			isa = PBXSourcesBuildPhase;
			buildActionMask = 2147483647;
			files = (
				9B4BFCD11DE1B0C900135F92 /* NewsViewController.m in Sources */,
				9B4BFCAF1DE1A18000135F92 /* AppDelegate.m in Sources */,
				9B4BFCAC1DE1A18000135F92 /* main.m in Sources */,
			);
			runOnlyForDeploymentPostprocessing = 0;
		};
		9B4BFCBB1DE1A18000135F92 /* Sources */ = {
			isa = PBXSourcesBuildPhase;
			buildActionMask = 2147483647;
			files = (
				9B4BFCC61DE1A18000135F92 /* Pactera_test_MTTests.m in Sources */,
			);
			runOnlyForDeploymentPostprocessing = 0;
		};
/* End PBXSourcesBuildPhase section */

/* Begin PBXTargetDependency section */
		9B4BFCC11DE1A18000135F92 /* PBXTargetDependency */ = {
			isa = PBXTargetDependency;
			target = 9B4BFCA51DE1A18000135F92 /* Pactera_test_MT */;
			targetProxy = 9B4BFCC01DE1A18000135F92 /* PBXContainerItemProxy */;
		};
/* End PBXTargetDependency section */

/* Begin PBXVariantGroup section */
		9B4BFCB81DE1A18000135F92 /* LaunchScreen.xib */ = {
			isa = PBXVariantGroup;
			children = (
				9B4BFCB91DE1A18000135F92 /* Base */,
			);
			name = LaunchScreen.xib;
			sourceTree = "<group>";
		};
/* End PBXVariantGroup section */

/* Begin XCBuildConfiguration section */
		9B4BFCC71DE1A18000135F92 /* Debug */ = {
			isa = XCBuildConfiguration;
			buildSettings = {
				ALWAYS_SEARCH_USER_PATHS = NO;
				CLANG_CXX_LANGUAGE_STANDARD = "gnu++0x";
				CLANG_CXX_LIBRARY = "libc++";
				CLANG_ENABLE_MODULES = YES;
				CLANG_ENABLE_OBJC_ARC = YES;
				CLANG_WARN_BOOL_CONVERSION = YES;
				CLANG_WARN_CONSTANT_CONVERSION = YES;
				CLANG_WARN_DIRECT_OBJC_ISA_USAGE = YES_ERROR;
				CLANG_WARN_EMPTY_BODY = YES;
				CLANG_WARN_ENUM_CONVERSION = YES;
				CLANG_WARN_INT_CONVERSION = YES;
				CLANG_WARN_OBJC_ROOT_CLASS = YES_ERROR;
				CLANG_WARN_UNREACHABLE_CODE = YES;
				CLANG_WARN__DUPLICATE_METHOD_MATCH = YES;
				"CODE_SIGN_IDENTITY[sdk=iphoneos*]" = "iPhone Developer";
				COPY_PHASE_STRIP = NO;
				ENABLE_STRICT_OBJC_MSGSEND = YES;
				GCC_C_LANGUAGE_STANDARD = gnu99;
				GCC_DYNAMIC_NO_PIC = NO;
				GCC_OPTIMIZATION_LEVEL = 0;
				GCC_PREPROCESSOR_DEFINITIONS = (
					"DEBUG=1",
					"$(inherited)",
				);
				GCC_SYMBOLS_PRIVATE_EXTERN = NO;
				GCC_WARN_64_TO_32_BIT_CONVERSION = YES;
				GCC_WARN_ABOUT_RETURN_TYPE = YES_ERROR;
				GCC_WARN_UNDECLARED_SELECTOR = YES;
				GCC_WARN_UNINITIALIZED_AUTOS = YES_AGGRESSIVE;
				GCC_WARN_UNUSED_FUNCTION = YES;
				GCC_WARN_UNUSED_VARIABLE = YES;
				IPHONEOS_DEPLOYMENT_TARGET = 8.1;
				MTL_ENABLE_DEBUG_INFO = YES;
				ONLY_ACTIVE_ARCH = YES;
				SDKROOT = iphoneos;
			};
			name = Debug;
		};
		9B4BFCC81DE1A18000135F92 /* Release */ = {
			isa = XCBuildConfiguration;
			buildSettings = {
				ALWAYS_SEARCH_USER_PATHS = NO;
				CLANG_CXX_LANGUAGE_STANDARD = "gnu++0x";
				CLANG_CXX_LIBRARY = "libc++";
				CLANG_ENABLE_MODULES = YES;
				CLANG_ENABLE_OBJC_ARC = YES;
				CLANG_WARN_BOOL_CONVERSION = YES;
				CLANG_WARN_CONSTANT_CONVERSION = YES;
				CLANG_WARN_DIRECT_OBJC_ISA_USAGE = YES_ERROR;
				CLANG_WARN_EMPTY_BODY = YES;
				CLANG_WARN_ENUM_CONVERSION = YES;
				CLANG_WARN_INT_CONVERSION = YES;
				CLANG_WARN_OBJC_ROOT_CLASS = YES_ERROR;
				CLANG_WARN_UNREACHABLE_CODE = YES;
				CLANG_WARN__DUPLICATE_METHOD_MATCH = YES;
				"CODE_SIGN_IDENTITY[sdk=iphoneos*]" = "iPhone Developer";
				COPY_PHASE_STRIP = YES;
				ENABLE_NS_ASSERTIONS = NO;
				ENABLE_STRICT_OBJC_MSGSEND = YES;
				GCC_C_LANGUAGE_STANDARD = gnu99;
				GCC_WARN_64_TO_32_BIT_CONVERSION = YES;
				GCC_WARN_ABOUT_RETURN_TYPE = YES_ERROR;
				GCC_WARN_UNDECLARED_SELECTOR = YES;
				GCC_WARN_UNINITIALIZED_AUTOS = YES_AGGRESSIVE;
				GCC_WARN_UNUSED_FUNCTION = YES;
				GCC_WARN_UNUSED_VARIABLE = YES;
				IPHONEOS_DEPLOYMENT_TARGET = 8.1;
				MTL_ENABLE_DEBUG_INFO = NO;
				SDKROOT = iphoneos;
				VALIDATE_PRODUCT = YES;
			};
			name = Release;
		};
		9B4BFCCA1DE1A18000135F92 /* Debug */ = {
			isa = XCBuildConfiguration;
			buildSettings = {
				ASSETCATALOG_COMPILER_APPICON_NAME = AppIcon;
				CLANG_ENABLE_OBJC_ARC = NO;
				INFOPLIST_FILE = Pactera_test_MT/Info.plist;
				LD_RUNPATH_SEARCH_PATHS = "$(inherited) @executable_path/Frameworks";
				PRODUCT_NAME = "$(TARGET_NAME)";
			};
			name = Debug;
		};
		9B4BFCCB1DE1A18000135F92 /* Release */ = {
			isa = XCBuildConfiguration;
			buildSettings = {
				ASSETCATALOG_COMPILER_APPICON_NAME = AppIcon;
				CLANG_ENABLE_OBJC_ARC = NO;
				INFOPLIST_FILE = Pactera_test_MT/Info.plist;
				LD_RUNPATH_SEARCH_PATHS = "$(inherited) @executable_path/Frameworks";
				PRODUCT_NAME = "$(TARGET_NAME)";
			};
			name = Release;
		};
		9B4BFCCD1DE1A18000135F92 /* Debug */ = {
			isa = XCBuildConfiguration;
			buildSettings = {
				BUNDLE_LOADER = "$(TEST_HOST)";
				FRAMEWORK_SEARCH_PATHS = (
					"$(SDKROOT)/Developer/Library/Frameworks",
					"$(inherited)",
				);
				GCC_PREPROCESSOR_DEFINITIONS = (
					"DEBUG=1",
					"$(inherited)",
				);
				INFOPLIST_FILE = Pactera_test_MTTests/Info.plist;
				LD_RUNPATH_SEARCH_PATHS = "$(inherited) @executable_path/Frameworks @loader_path/Frameworks";
				PRODUCT_NAME = "$(TARGET_NAME)";
				TEST_HOST = "$(BUILT_PRODUCTS_DIR)/Pactera_test_MT.app/Pactera_test_MT";
			};
			name = Debug;
		};
		9B4BFCCE1DE1A18000135F92 /* Release */ = {
			isa = XCBuildConfiguration;
			buildSettings = {
				BUNDLE_LOADER = "$(TEST_HOST)";
				FRAMEWORK_SEARCH_PATHS = (
					"$(SDKROOT)/Developer/Library/Frameworks",
					"$(inherited)",
				);
				INFOPLIST_FILE = Pactera_test_MTTests/Info.plist;
				LD_RUNPATH_SEARCH_PATHS = "$(inherited) @executable_path/Frameworks @loader_path/Frameworks";
				PRODUCT_NAME = "$(TARGET_NAME)";
				TEST_HOST = "$(BUILT_PRODUCTS_DIR)/Pactera_test_MT.app/Pactera_test_MT";
			};
			name = Release;
		};
/* End XCBuildConfiguration section */

/* Begin XCConfigurationList section */
		9B4BFCA11DE1A18000135F92 /* Build configuration list for PBXProject "Pactera_test_MT" */ = {
			isa = XCConfigurationList;
			buildConfigurations = (
				9B4BFCC71DE1A18000135F92 /* Debug */,
				9B4BFCC81DE1A18000135F92 /* Release */,
			);
			defaultConfigurationIsVisible = 0;
			defaultConfigurationName = Release;
		};
		9B4BFCC91DE1A18000135F92 /* Build configuration list for PBXNativeTarget "Pactera_test_MT" */ = {
			isa = XCConfigurationList;
			buildConfigurations = (
				9B4BFCCA1DE1A18000135F92 /* Debug */,
				9B4BFCCB1DE1A18000135F92 /* Release */,
			);
			defaultConfigurationIsVisible = 0;
		};
		9B4BFCCC1DE1A18000135F92 /* Build configuration list for PBXNativeTarget "Pactera_test_MTTests" */ = {
			isa = XCConfigurationList;
			buildConfigurations = (
				9B4BFCCD1DE1A18000135F92 /* Debug */,
				9B4BFCCE1DE1A18000135F92 /* Release */,
			);
			defaultConfigurationIsVisible = 0;
		};
/* End XCConfigurationList section */
	};
	rootObject = 9B4BFC9E1DE1A18000135F92 /* Project object */;
}
